{
    "_readme": [
        "This file locks the dependencies of your project to a known state",
        "Read more about it at https://getcomposer.org/doc/01-basic-usage.md#composer-lock-the-lock-file",
        "This file is @generated automatically"
    ],
    "content-hash": "7d5897ee819a5abe96eb06ab2e13bb8d",
    "packages": [
        {
            "name": "ajenbo/image.php",
            "version": "dev-master",
            "source": {
                "type": "git",
                "url": "https://github.com/AJenbo/Image.php.git",
                "reference": "227137196bb11fa9493f7789e874251e5d571b57"
            },
            "dist": {
                "type": "zip",
                "url": "https://api.github.com/repos/AJenbo/Image.php/zipball/227137196bb11fa9493f7789e874251e5d571b57",
                "reference": "227137196bb11fa9493f7789e874251e5d571b57",
                "shasum": ""
            },
            "require": {
                "ext-gd": "*",
                "php": ">=7.0.0"
            },
            "type": "library",
            "autoload": {
                "psr-4": {
                    "AJenbo\\": "./"
                }
            },
            "description": "Helper function for simple image manipulation using GD functions.",
            "support": {
                "source": "https://github.com/AJenbo/Image.php/tree/master",
                "issues": "https://github.com/AJenbo/Image.php/issues"
            },
            "time": "2016-11-13 03:39:58"
        },
        {
            "name": "ajenbo/imap",
            "version": "dev-master",
            "source": {
                "type": "git",
                "url": "https://github.com/AJenbo/PHP-imap.git",
                "reference": "31ab8cac53cee2a89f0f9bf9af05aeb751f7179f"
            },
            "dist": {
                "type": "zip",
                "url": "https://api.github.com/repos/AJenbo/PHP-imap/zipball/31ab8cac53cee2a89f0f9bf9af05aeb751f7179f",
                "reference": "31ab8cac53cee2a89f0f9bf9af05aeb751f7179f",
                "shasum": ""
            },
            "require": {
                "php": ">=5.4"
            },
            "type": "library",
            "autoload": {
                "psr-4": {
                    "AJenbo\\": "./"
                }
            },
            "description": "IMAP over socket",
            "support": {
                "source": "https://github.com/AJenbo/PHP-imap/tree/master",
                "issues": "https://github.com/AJenbo/PHP-imap/issues"
            },
            "time": "2016-11-13 03:52:22"
        },
        {
            "name": "ajenbo/sajax",
            "version": "dev-master",
            "source": {
                "type": "git",
                "url": "https://github.com/AJenbo/Sajax.git",
                "reference": "9b906ab0f31156b424c93ce1f52ad80b0a4f2943"
            },
            "dist": {
                "type": "zip",
                "url": "https://api.github.com/repos/AJenbo/Sajax/zipball/9b906ab0f31156b424c93ce1f52ad80b0a4f2943",
                "reference": "9b906ab0f31156b424c93ce1f52ad80b0a4f2943",
                "shasum": ""
            },
            "require": {
                "php": ">=5.3.3"
            },
            "type": "library",
            "autoload": {
                "psr-4": {
                    "Sajax\\": "php/"
                }
            },
            "description": "Simple Ajax Toolkit",
            "support": {
                "source": "https://github.com/AJenbo/Sajax/tree/master",
                "issues": "https://github.com/AJenbo/Sajax/issues"
            },
            "time": "2016-11-12 22:34:05"
        },
        {
            "name": "ezyang/htmlpurifier",
            "version": "v4.8.0",
            "source": {
                "type": "git",
                "url": "https://github.com/ezyang/htmlpurifier.git",
                "reference": "d0c392f77d2f2a3dcf7fcb79e2a1e2b8804e75b2"
            },
            "dist": {
                "type": "zip",
                "url": "https://api.github.com/repos/ezyang/htmlpurifier/zipball/d0c392f77d2f2a3dcf7fcb79e2a1e2b8804e75b2",
                "reference": "d0c392f77d2f2a3dcf7fcb79e2a1e2b8804e75b2",
                "shasum": ""
            },
            "require": {
                "php": ">=5.2"
            },
            "type": "library",
            "autoload": {
                "psr-0": {
                    "HTMLPurifier": "library/"
                },
                "files": [
                    "library/HTMLPurifier.composer.php"
                ]
            },
            "notification-url": "https://packagist.org/downloads/",
            "license": [
                "LGPL"
            ],
            "authors": [
                {
                    "name": "Edward Z. Yang",
                    "email": "admin@htmlpurifier.org",
                    "homepage": "http://ezyang.com"
                }
            ],
            "description": "Standards compliant HTML filter written in PHP",
            "homepage": "http://htmlpurifier.org/",
            "keywords": [
                "html"
            ],
            "time": "2016-07-16 12:58:58"
        },
        {
            "name": "phpmailer/phpmailer",
            "version": "v5.2.16",
            "source": {
                "type": "git",
                "url": "https://github.com/PHPMailer/PHPMailer.git",
                "reference": "1d85f9ef3ecfc42bbc4f3c70d5e37ca9a65f629a"
            },
            "dist": {
                "type": "zip",
                "url": "https://api.github.com/repos/PHPMailer/PHPMailer/zipball/1d85f9ef3ecfc42bbc4f3c70d5e37ca9a65f629a",
                "reference": "1d85f9ef3ecfc42bbc4f3c70d5e37ca9a65f629a",
                "shasum": ""
            },
            "require": {
                "php": ">=5.0.0"
            },
            "require-dev": {
                "phpdocumentor/phpdocumentor": "*",
                "phpunit/phpunit": "4.7.*"
            },
            "suggest": {
                "league/oauth2-google": "Needed for Google XOAUTH2 authentication"
            },
            "type": "library",
            "autoload": {
                "classmap": [
                    "class.phpmailer.php",
                    "class.phpmaileroauth.php",
                    "class.phpmaileroauthgoogle.php",
                    "class.smtp.php",
                    "class.pop3.php",
                    "extras/EasyPeasyICS.php",
                    "extras/ntlm_sasl_client.php"
                ]
            },
            "notification-url": "https://packagist.org/downloads/",
            "license": [
                "LGPL-2.1"
            ],
            "authors": [
                {
                    "name": "Jim Jagielski",
                    "email": "jimjag@gmail.com"
                },
                {
                    "name": "Marcus Bointon",
                    "email": "phpmailer@synchromedia.co.uk"
                },
                {
                    "name": "Andy Prevost",
                    "email": "codeworxtech@users.sourceforge.net"
                },
                {
                    "name": "Brent R. Matzelle"
                }
            ],
            "description": "PHPMailer is a full-featured email creation and transfer class for PHP",
            "time": "2016-06-06 09:09:37"
        },
        {
            "name": "tecnickcom/tcpdf",
            "version": "6.2.12",
            "source": {
                "type": "git",
                "url": "https://github.com/tecnickcom/TCPDF.git",
                "reference": "2f732eaa91b5665274689b1d40b285a7bacdc37f"
            },
            "dist": {
                "type": "zip",
                "url": "https://api.github.com/repos/tecnickcom/TCPDF/zipball/2f732eaa91b5665274689b1d40b285a7bacdc37f",
                "reference": "2f732eaa91b5665274689b1d40b285a7bacdc37f",
                "shasum": ""
            },
            "require": {
                "php": ">=5.3.0"
            },
            "type": "library",
            "autoload": {
                "classmap": [
                    "fonts",
                    "config",
                    "include",
                    "tcpdf.php",
                    "tcpdf_parser.php",
                    "tcpdf_import.php",
                    "tcpdf_barcodes_1d.php",
                    "tcpdf_barcodes_2d.php",
                    "include/tcpdf_colors.php",
                    "include/tcpdf_filters.php",
                    "include/tcpdf_font_data.php",
                    "include/tcpdf_fonts.php",
                    "include/tcpdf_images.php",
                    "include/tcpdf_static.php",
                    "include/barcodes/datamatrix.php",
                    "include/barcodes/pdf417.php",
                    "include/barcodes/qrcode.php"
                ]
            },
            "notification-url": "https://packagist.org/downloads/",
            "license": [
                "LGPLv3"
            ],
            "authors": [
                {
                    "name": "Nicola Asuni",
                    "email": "info@tecnick.com",
                    "homepage": "http://nicolaasuni.tecnick.com"
                }
            ],
            "description": "TCPDF is a PHP class for generating PDF documents and barcodes.",
            "homepage": "http://www.tcpdf.org/",
            "keywords": [
                "PDFD32000-2008",
                "TCPDF",
                "barcodes",
                "datamatrix",
                "pdf",
                "pdf417",
                "qrcode"
            ],
            "time": "2015-09-12 10:08:34"
        }
    ],
    "packages-dev": [],
    "aliases": [],
    "minimum-stability": "stable",
    "stability-flags": {
        "ajenbo/sajax": 20,
        "ajenbo/image.php": 20,
        "ajenbo/imap": 20
    },
    "prefer-stable": false,
    "prefer-lowest": false,
    "platform": {
        "php": ">=7.0.0",
        "ext-mbstring": "*",
        "ext-mysqli": "*",
        "ext-gettext": "*",
        "ext-soap": "*"
    },
    "platform-dev": []
}
